version = 1
requires-python = ">=3.8"

[[package]]
name = "click"
version = "8.1.8"
source = { registry = "https://pypi.org/simple" }
dependencies = [
    { name = "colorama", marker = "sys_platform == 'win32'" },
]
sdist = { url = "https://files.pythonhosted.org/packages/b9/2e/0090cbf739cee7d23781ad4b89a9894a41538e4fcf4c31dcdd705b78eb8b/click-8.1.8.tar.gz", hash = "sha256:ed53c9d8990d83c2a27deae68e4ee337473f6330c040a31d4225c9574d16096a", size = 226593 }
wheels = [
    { url = "https://files.pythonhosted.org/packages/7e/d4/7ebdbd03970677812aac39c869717059dbb71a4cfc033ca6e5221787892c/click-8.1.8-py3-none-any.whl", hash = "sha256:63c132bbbed01578a06712a2d1f497bb62d9c1c0d329b7903a866228027263b2", size = 98188 },
]

[[package]]
name = "colorama"
version = "0.4.6"
source = { registry = "https://pypi.org/simple" }
sdist = { url = "https://files.pythonhosted.org/packages/d8/53/6f443c9a4a8358a93a6792e2acffb9d9d5cb0a5cfd8802644b7b1c9a02e4/colorama-0.4.6.tar.gz", hash = "sha256:08695f5cb7ed6e0531a20572697297273c47b8cae5a63ffc6d6ed5c201be6e44", size = 27697 }
wheels = [
    { url = "https://files.pythonhosted.org/packages/d1/d6/3965ed04c63042e047cb6a3e6ed1a63a35087b6a609aa3a15ed8ac56c221/colorama-0.4.6-py2.py3-none-any.whl", hash = "sha256:4f1d9991f5acc0ca119f9d443620b77f9d6b33703e51011c16baf57afb285fc6", size = 25335 },
]

[[package]]
name = "funbuild"
version = "1.5.61"
source = { registry = "https://pypi.org/simple" }
dependencies = [
    { name = "click" },
    { name = "ruff" },
    { name = "toml" },
    { name = "uv" },
]
sdist = { url = "https://files.pythonhosted.org/packages/c3/b7/fabf9a80d99293bd136e03a4f99549540ab018d48eb6b92f3a71861cd043/funbuild-1.5.61.tar.gz", hash = "sha256:f7682832719d8d955baaa3bf2c0589ced107778d3e896cebd5bc0c4f06a9e1df", size = 7893 }
wheels = [
    { url = "https://files.pythonhosted.org/packages/ed/e7/c49d34e01c8927eafca60f6c38917d3fddd971ae2b22a7af3b607efcec6a/funbuild-1.5.61-py3-none-any.whl", hash = "sha256:9ac5b35e1b2d43278d87f778fda498bea51e69606bb19c22de9e05011b2d19f6", size = 8567 },
]

[[package]]
name = "funserver"
version = "1.0.41"
source = { virtual = "." }
dependencies = [
    { name = "click" },
    { name = "funbuild" },
]

[package.metadata]
requires-dist = [
    { name = "click", specifier = ">=8.1.8" },
    { name = "funbuild", specifier = ">=1.5.11" },
]

[[package]]
name = "ruff"
version = "0.9.2"
source = { registry = "https://pypi.org/simple" }
sdist = { url = "https://files.pythonhosted.org/packages/80/63/77ecca9d21177600f551d1c58ab0e5a0b260940ea7312195bd2a4798f8a8/ruff-0.9.2.tar.gz", hash = "sha256:b5eceb334d55fae5f316f783437392642ae18e16dcf4f1858d55d3c2a0f8f5d0", size = 3553799 }
wheels = [
    { url = "https://files.pythonhosted.org/packages/af/b9/0e168e4e7fb3af851f739e8f07889b91d1a33a30fca8c29fa3149d6b03ec/ruff-0.9.2-py3-none-linux_armv6l.whl", hash = "sha256:80605a039ba1454d002b32139e4970becf84b5fee3a3c3bf1c2af6f61a784347", size = 11652408 },
    { url = "https://files.pythonhosted.org/packages/2c/22/08ede5db17cf701372a461d1cb8fdde037da1d4fa622b69ac21960e6237e/ruff-0.9.2-py3-none-macosx_10_12_x86_64.whl", hash = "sha256:b9aab82bb20afd5f596527045c01e6ae25a718ff1784cb92947bff1f83068b00", size = 11587553 },
    { url = "https://files.pythonhosted.org/packages/42/05/dedfc70f0bf010230229e33dec6e7b2235b2a1b8cbb2a991c710743e343f/ruff-0.9.2-py3-none-macosx_11_0_arm64.whl", hash = "sha256:fbd337bac1cfa96be615f6efcd4bc4d077edbc127ef30e2b8ba2a27e18c054d4", size = 11020755 },
    { url = "https://files.pythonhosted.org/packages/df/9b/65d87ad9b2e3def67342830bd1af98803af731243da1255537ddb8f22209/ruff-0.9.2-py3-none-manylinux_2_17_aarch64.manylinux2014_aarch64.whl", hash = "sha256:82b35259b0cbf8daa22a498018e300b9bb0174c2bbb7bcba593935158a78054d", size = 11826502 },
    { url = "https://files.pythonhosted.org/packages/93/02/f2239f56786479e1a89c3da9bc9391120057fc6f4a8266a5b091314e72ce/ruff-0.9.2-py3-none-manylinux_2_17_armv7l.manylinux2014_armv7l.whl", hash = "sha256:8b6a9701d1e371bf41dca22015c3f89769da7576884d2add7317ec1ec8cb9c3c", size = 11390562 },
    { url = "https://files.pythonhosted.org/packages/c9/37/d3a854dba9931f8cb1b2a19509bfe59e00875f48ade632e95aefcb7a0aee/ruff-0.9.2-py3-none-manylinux_2_17_i686.manylinux2014_i686.whl", hash = "sha256:9cc53e68b3c5ae41e8faf83a3b89f4a5d7b2cb666dff4b366bb86ed2a85b481f", size = 12548968 },
    { url = "https://files.pythonhosted.org/packages/fa/c3/c7b812bb256c7a1d5553433e95980934ffa85396d332401f6b391d3c4569/ruff-0.9.2-py3-none-manylinux_2_17_ppc64.manylinux2014_ppc64.whl", hash = "sha256:8efd9da7a1ee314b910da155ca7e8953094a7c10d0c0a39bfde3fcfd2a015684", size = 13187155 },
    { url = "https://files.pythonhosted.org/packages/bd/5a/3c7f9696a7875522b66aa9bba9e326e4e5894b4366bd1dc32aa6791cb1ff/ruff-0.9.2-py3-none-manylinux_2_17_ppc64le.manylinux2014_ppc64le.whl", hash = "sha256:3292c5a22ea9a5f9a185e2d131dc7f98f8534a32fb6d2ee7b9944569239c648d", size = 12704674 },
    { url = "https://files.pythonhosted.org/packages/be/d6/d908762257a96ce5912187ae9ae86792e677ca4f3dc973b71e7508ff6282/ruff-0.9.2-py3-none-manylinux_2_17_s390x.manylinux2014_s390x.whl", hash = "sha256:1a605fdcf6e8b2d39f9436d343d1f0ff70c365a1e681546de0104bef81ce88df", size = 14529328 },
    { url = "https://files.pythonhosted.org/packages/2d/c2/049f1e6755d12d9cd8823242fa105968f34ee4c669d04cac8cea51a50407/ruff-0.9.2-py3-none-manylinux_2_17_x86_64.manylinux2014_x86_64.whl", hash = "sha256:c547f7f256aa366834829a08375c297fa63386cbe5f1459efaf174086b564247", size = 12385955 },
    { url = "https://files.pythonhosted.org/packages/91/5a/a9bdb50e39810bd9627074e42743b00e6dc4009d42ae9f9351bc3dbc28e7/ruff-0.9.2-py3-none-musllinux_1_2_aarch64.whl", hash = "sha256:d18bba3d3353ed916e882521bc3e0af403949dbada344c20c16ea78f47af965e", size = 11810149 },
    { url = "https://files.pythonhosted.org/packages/e5/fd/57df1a0543182f79a1236e82a79c68ce210efb00e97c30657d5bdb12b478/ruff-0.9.2-py3-none-musllinux_1_2_armv7l.whl", hash = "sha256:b338edc4610142355ccf6b87bd356729b62bf1bc152a2fad5b0c7dc04af77bfe", size = 11479141 },
    { url = "https://files.pythonhosted.org/packages/dc/16/bc3fd1d38974f6775fc152a0554f8c210ff80f2764b43777163c3c45d61b/ruff-0.9.2-py3-none-musllinux_1_2_i686.whl", hash = "sha256:492a5e44ad9b22a0ea98cf72e40305cbdaf27fac0d927f8bc9e1df316dcc96eb", size = 12014073 },
    { url = "https://files.pythonhosted.org/packages/47/6b/e4ca048a8f2047eb652e1e8c755f384d1b7944f69ed69066a37acd4118b0/ruff-0.9.2-py3-none-musllinux_1_2_x86_64.whl", hash = "sha256:af1e9e9fe7b1f767264d26b1075ac4ad831c7db976911fa362d09b2d0356426a", size = 12435758 },
    { url = "https://files.pythonhosted.org/packages/c2/40/4d3d6c979c67ba24cf183d29f706051a53c36d78358036a9cd21421582ab/ruff-0.9.2-py3-none-win32.whl", hash = "sha256:71cbe22e178c5da20e1514e1e01029c73dc09288a8028a5d3446e6bba87a5145", size = 9796916 },
    { url = "https://files.pythonhosted.org/packages/c3/ef/7f548752bdb6867e6939489c87fe4da489ab36191525fadc5cede2a6e8e2/ruff-0.9.2-py3-none-win_amd64.whl", hash = "sha256:c5e1d6abc798419cf46eed03f54f2e0c3adb1ad4b801119dedf23fcaf69b55b5", size = 10773080 },
    { url = "https://files.pythonhosted.org/packages/0e/4e/33df635528292bd2d18404e4daabcd74ca8a9853b2e1df85ed3d32d24362/ruff-0.9.2-py3-none-win_arm64.whl", hash = "sha256:a1b63fa24149918f8b37cef2ee6fff81f24f0d74b6f0bdc37bc3e1f2143e41c6", size = 10001738 },
]

[[package]]
name = "toml"
version = "0.10.2"
source = { registry = "https://pypi.org/simple" }
sdist = { url = "https://files.pythonhosted.org/packages/be/ba/1f744cdc819428fc6b5084ec34d9b30660f6f9daaf70eead706e3203ec3c/toml-0.10.2.tar.gz", hash = "sha256:b3bda1d108d5dd99f4a20d24d9c348e91c4db7ab1b749200bded2f839ccbe68f", size = 22253 }
wheels = [
    { url = "https://files.pythonhosted.org/packages/44/6f/7120676b6d73228c96e17f1f794d8ab046fc910d781c8d151120c3f1569e/toml-0.10.2-py2.py3-none-any.whl", hash = "sha256:806143ae5bfb6a3c6e736a764057db0e6a0e05e338b5630894a5f779cabb4f9b", size = 16588 },
]

[[package]]
name = "uv"
version = "0.5.20"
source = { registry = "https://pypi.org/simple" }
sdist = { url = "https://files.pythonhosted.org/packages/0b/61/4cc21e8e79cebb4e49a6ca214a0647b00f49cb585886e0bf5e2490fe9e7c/uv-0.5.20.tar.gz", hash = "sha256:896305cc0d1f5fc5db97ed8e028c2fe236f6e0900bc72469d61ad97bc7ec5124", size = 2629688 }
wheels = [
    { url = "https://files.pythonhosted.org/packages/8b/22/a3f24aa6f405756f69b0eb1b974bf0e9d9c744f1effc3e82d56ce46b5519/uv-0.5.20-py3-none-linux_armv6l.whl", hash = "sha256:c299d2c7aa04803c16ed5378e4b5dbfcc57eb6a40962f1141520eb43c0ecd291", size = 15138092 },
    { url = "https://files.pythonhosted.org/packages/e6/a5/f413ece0d351dbd2ab9067b42d111e7da6b3f133074ef245eb202891183e/uv-0.5.20-py3-none-macosx_10_12_x86_64.whl", hash = "sha256:0c73540d6afb923ea64a5a54ddd34fec191f91c4b1071bf65a2ea7b05a854017", size = 15318120 },
    { url = "https://files.pythonhosted.org/packages/d8/bf/b2cf36530206fc46533e6b384756043c3c04acbe930ac1f5498b825fbea9/uv-0.5.20-py3-none-macosx_11_0_arm64.whl", hash = "sha256:e3b38c2d5c14847fb68cf7c88bfee3e09dd170e1b229441cee40c98ce5f56c5e", size = 14206329 },
    { url = "https://files.pythonhosted.org/packages/b4/38/d8f48e30d5a32fd8610fdf5fde1b96a7f9ae89799a5baabaf633e5ea0483/uv-0.5.20-py3-none-manylinux_2_17_aarch64.manylinux2014_aarch64.musllinux_1_1_aarch64.whl", hash = "sha256:ffce28f4b460f88f6e30d2a42874ee4d0e0daafe3d0436cda91ed05b130d7c90", size = 14701677 },
    { url = "https://files.pythonhosted.org/packages/d0/9d/c0b865134b23e724cf02accdb93de3469808ffe34b9805a31ed9a483e339/uv-0.5.20-py3-none-manylinux_2_17_armv7l.manylinux2014_armv7l.whl", hash = "sha256:3010eb9611f89f4d6fa681c406269c59c0faf3446bb9ef01abcfb7da600a88e7", size = 14885382 },
    { url = "https://files.pythonhosted.org/packages/11/29/05af45986c7f0591b3c4a31c63e2d2d6dab3b3603a2ec50ee9e5b0c835b1/uv-0.5.20-py3-none-manylinux_2_17_i686.manylinux2014_i686.whl", hash = "sha256:b1541a67de42e64d9ff594b9a21ec238681ff0e40b2f90c1ecabcac71c7e622c", size = 15666066 },
    { url = "https://files.pythonhosted.org/packages/d0/88/6d7b5ac6f8c78fe92c4a29d82d9b66c2b0b3177345d29f65fa15842cc1fd/uv-0.5.20-py3-none-manylinux_2_17_ppc64.manylinux2014_ppc64.whl", hash = "sha256:4c23cde62f48b19a0dc6922f5c144b02c0c21b1c2e2606be872fc656e95a25e1", size = 16576104 },
    { url = "https://files.pythonhosted.org/packages/f9/14/d833b564f16d0723015687580f834a3531e64f7c79d4ad14034357496bc7/uv-0.5.20-py3-none-manylinux_2_17_ppc64le.manylinux2014_ppc64le.whl", hash = "sha256:bbdc9f82cdcb539549654c85aada1c583fe18235666316599648657ff497f266", size = 16304628 },
    { url = "https://files.pythonhosted.org/packages/58/f7/8c7cc0378d0c02f4a95910de96b37b0163fc09a847948676f6d139b6bdd3/uv-0.5.20-py3-none-manylinux_2_17_s390x.manylinux2014_s390x.whl", hash = "sha256:180b03d8fe0712297235498944252af19265aab396d22aef3783e963cfbfbcaf", size = 20571845 },
    { url = "https://files.pythonhosted.org/packages/04/60/83b8185a23384ffcee4c07a8a2f5892b957b8c68aceba2b9832fab49b137/uv-0.5.20-py3-none-manylinux_2_17_x86_64.manylinux2014_x86_64.whl", hash = "sha256:6c337f7e029dc8faf020dd76847ea084591ea96fd5f40ddb5117214ecb12a9e6", size = 15959564 },
    { url = "https://files.pythonhosted.org/packages/ad/29/cdda048af5c2aa2adcce6d133af217253cd76509d09b3b766762e2524758/uv-0.5.20-py3-none-manylinux_2_28_aarch64.whl", hash = "sha256:a4049cb7de46bd36d3b770ae3203e36d1db406ddc048bcd509578fd1d1072a38", size = 14966373 },
    { url = "https://files.pythonhosted.org/packages/3d/a2/71e9b149ed36613c99b78a643237b471244071359f0e5d8d5e08230d7ea0/uv-0.5.20-py3-none-musllinux_1_1_armv7l.whl", hash = "sha256:2f84a5df76bdb31fa76a4b85bcdb86fae9a4418ad9067d2909c58917663fb743", size = 14855088 },
    { url = "https://files.pythonhosted.org/packages/54/a1/0d02aad39ccf64095d020759375014eaea6b885cd9ecde52d0d4843567f2/uv-0.5.20-py3-none-musllinux_1_1_i686.whl", hash = "sha256:32d8685d262fca595a027ceca584549b0fe87b89be114e500f5af1de0fad2f1d", size = 15315996 },
    { url = "https://files.pythonhosted.org/packages/54/86/5746288daaedc86da54da1fe1fe1440e01d0acd833995b8e784dba75f85d/uv-0.5.20-py3-none-musllinux_1_1_x86_64.whl", hash = "sha256:5af0ae866b0a9f2d7e8c0220401c585de69f5ebc157a582e8cb1014b16da1ef7", size = 16087766 },
    { url = "https://files.pythonhosted.org/packages/97/3d/1a48ad47d29a8a6f07990eb1d50029f8d7a30a5dead0fd50d9cd47ee283f/uv-0.5.20-py3-none-win32.whl", hash = "sha256:880bc5afdfaaf5329318d897bec9cd860d00c2b2f2ab8979c438862a0c2ed81b", size = 15200613 },
    { url = "https://files.pythonhosted.org/packages/d9/e7/cad364f24fcb03ff23e4b750d8934e62010fd520955ba64f8e763c1a70b6/uv-0.5.20-py3-none-win_amd64.whl", hash = "sha256:ae9a69696e75d4b8d08dadda84b3e1b914167b2a19cd4c7c746f8c2c2c5ab55a", size = 16560303 },
]
